
Microsoft Visual Studio Solution File, Format Version 12.00
# Visual Studio Version 17
VisualStudioVersion = 17.5.001.0
MinimumVisualStudioVersion = 10.0.40219.1
Project("{9A19103F-16F7-4668-BE54-9A1E7A4F7556}") = "IronMonkey.Api", "IronMonkey.Api\IronMonkey.Api.csproj", "{88F9D36E-AD72-4FF3-AA1C-A4866669418A}"
EndProject
Project("{9A19103F-16F7-4668-BE54-9A1E7A4F7556}") = "Workflow", "Workflow\Workflow.csproj", "{B16AAC6B-D6D7-4BCF-A155-210A5D775BF0}"
EndProject
Global
	GlobalSection(SolutionConfigurationPlatforms) = preSolution
		Debug|Any CPU = Debug|Any CPU
		Release|Any CPU = Release|Any CPU
	EndGlobalSection
	GlobalSection(ProjectConfigurationPlatforms) = postSolution
		{88F9D36E-AD72-4FF3-AA1C-A4866669418A}.Debug|Any CPU.ActiveCfg = Debug|Any CPU
		{88F9D36E-AD72-4FF3-AA1C-A4866669418A}.Debug|Any CPU.Build.0 = Debug|Any CPU
		{88F9D36E-AD72-4FF3-AA1C-A4866669418A}.Release|Any CPU.ActiveCfg = Release|Any CPU
		{88F9D36E-AD72-4FF3-AA1C-A4866669418A}.Release|Any CPU.Build.0 = Release|Any CPU
		{B16AAC6B-D6D7-4BCF-A155-210A5D775BF0}.Debug|Any CPU.ActiveCfg = Debug|Any CPU
		{B16AAC6B-D6D7-4BCF-A155-210A5D775BF0}.Debug|Any CPU.Build.0 = Debug|Any CPU
		{B16AAC6B-D6D7-4BCF-A155-210A5D775BF0}.Release|Any CPU.ActiveCfg = Release|Any CPU
		{B16AAC6B-D6D7-4BCF-A155-210A5D775BF0}.Release|Any CPU.Build.0 = Release|Any CPU
	EndGlobalSection
	GlobalSection(SolutionProperties) = preSolution
		HideSolutionNode = FALSE
	EndGlobalSection
	GlobalSection(ExtensibilityGlobals) = postSolution
		SolutionGuid = {20C187A6-15C6-490B-8AB3-D5953DBA9BB7}
	EndGlobalSection
EndGlobal
