Microsoft Visual Studio Solution File, Format Version 12.00
# Visual Studio Version 17
VisualStudioVersion = 17.8.0.0
MinimumVisualStudioVersion = 17.8.0.0
Project("{9A19103F-16F7-4668-BE54-9A1E7A4F7556}") = "IronMonkey.AppHost", "IronMonkey.AppHost\IronMonkey.AppHost.csproj", "{09CD1566-C7C4-443A-A261-A0846034C078}"
EndProject
Project("{9A19103F-16F7-4668-BE54-9A1E7A4F7556}") = "IronMonkey.ServiceDefaults", "IronMonkey.ServiceDefaults\IronMonkey.ServiceDefaults.csproj", "{A690F05A-72D3-41C6-9EF7-94332EAAB5AB}"
EndProject
Project("{9A19103F-16F7-4668-BE54-9A1E7A4F7556}") = "IronMonkey.ApiService", "IronMonkey.ApiService\IronMonkey.ApiService.csproj", "{1C993012-6943-454A-8ED2-30A439F6DCF1}"
EndProject
Project("{9A19103F-16F7-4668-BE54-9A1E7A4F7556}") = "IronMonkey.Web", "IronMonkey.Web\IronMonkey.Web.csproj", "{341D689F-3142-4F0A-9105-748D638BD29E}"
EndProject
Project("{9A19103F-16F7-4668-BE54-9A1E7A4F7556}") = "IronMonkey.Common", "IronMonkey.Common\IronMonkey.Common.csproj", "{D1E8F5A1-5C3E-4F8A-9A1E-2E8F5A1D1E8F}"
EndProject
Project("{9A19103F-16F7-4668-BE54-9A1E7A4F7556}") = "IronMonkey.Data", "IronMonkey.Data\IronMonkey.Data.csproj", "{E2F5A1D1-1E8F-5A1D-1E8F-5A1D1E8F5A1D}"
EndProject
Global
	GlobalSection(SolutionConfigurationPlatforms) = preSolution
		Debug|Any CPU = Debug|Any CPU
		Release|Any CPU = Release|Any CPU
	EndGlobalSection
	GlobalSection(ProjectConfigurationPlatforms) = postSolution
		{09CD1566-C7C4-443A-A261-A0846034C078}.Debug|Any CPU.ActiveCfg = Debug|Any CPU
		{09CD1566-C7C4-443A-A261-A0846034C078}.Debug|Any CPU.Build.0 = Debug|Any CPU
		{09CD1566-C7C4-443A-A261-A0846034C078}.Release|Any CPU.ActiveCfg = Release|Any CPU
		{09CD1566-C7C4-443A-A261-A0846034C078}.Release|Any CPU.Build.0 = Release|Any CPU
		{A690F05A-72D3-41C6-9EF7-94332EAAB5AB}.Debug|Any CPU.ActiveCfg = Debug|Any CPU
		{A690F05A-72D3-41C6-9EF7-94332EAAB5AB}.Debug|Any CPU.Build.0 = Debug|Any CPU
		{A690F05A-72D3-41C6-9EF7-94332EAAB5AB}.Release|Any CPU.ActiveCfg = Release|Any CPU
		{A690F05A-72D3-41C6-9EF7-94332EAAB5AB}.Release|Any CPU.Build.0 = Release|Any CPU
		{1C993012-6943-454A-8ED2-30A439F6DCF1}.Debug|Any CPU.ActiveCfg = Debug|Any CPU
		{1C993012-6943-454A-8ED2-30A439F6DCF1}.Debug|Any CPU.Build.0 = Debug|Any CPU
		{1C993012-6943-454A-8ED2-30A439F6DCF1}.Release|Any CPU.ActiveCfg = Release|Any CPU
		{1C993012-6943-454A-8ED2-30A439F6DCF1}.Release|Any CPU.Build.0 = Release|Any CPU
		{341D689F-3142-4F0A-9105-748D638BD29E}.Debug|Any CPU.ActiveCfg = Debug|Any CPU
		{341D689F-3142-4F0A-9105-748D638BD29E}.Debug|Any CPU.Build.0 = Debug|Any CPU
		{341D689F-3142-4F0A-9105-748D638BD29E}.Release|Any CPU.ActiveCfg = Release|Any CPU
		{341D689F-3142-4F0A-9105-748D638BD29E}.Release|Any CPU.Build.0 = Release|Any CPU
		{D1E8F5A1-5C3E-4F8A-9A1E-2E8F5A1D1E8F}.Debug|Any CPU.ActiveCfg = Debug|Any CPU
		{D1E8F5A1-5C3E-4F8A-9A1E-2E8F5A1D1E8F}.Debug|Any CPU.Build.0 = Debug|Any CPU
		{D1E8F5A1-5C3E-4F8A-9A1E-2E8F5A1D1E8F}.Release|Any CPU.ActiveCfg = Release|Any CPU
		{D1E8F5A1-5C3E-4F8A-9A1E-2E8F5A1D1E8F}.Release|Any CPU.Build.0 = Release|Any CPU
		{E2F5A1D1-1E8F-5A1D-1E8F-5A1D1E8F5A1D}.Debug|Any CPU.ActiveCfg = Debug|Any CPU
		{E2F5A1D1-1E8F-5A1D-1E8F-5A1D1E8F5A1D}.Debug|Any CPU.Build.0 = Debug|Any CPU
		{E2F5A1D1-1E8F-5A1D-1E8F-5A1D1E8F5A1D}.Release|Any CPU.ActiveCfg = Release|Any CPU
		{E2F5A1D1-1E8F-5A1D-1E8F-5A1D1E8F5A1D}.Release|Any CPU.Build.0 = Release|Any CPU
	EndGlobalSection
	GlobalSection(SolutionProperties) = preSolution
		HideSolutionNode = FALSE
	EndGlobalSection
	GlobalSection(ExtensibilityGlobals) = postSolution
		SolutionGuid = {1BD8E244-66D8-43CA-8522-CCBDE3719DD2}
	EndGlobalSection
EndGlobal
